
Microsoft Visual Studio Solution File, Format Version 12.00
# Visual Studio Version 17
VisualStudioVersion = 17.7.34031.279
MinimumVisualStudioVersion = 10.0.40219.1
Project("{FAE04EC0-301F-11D3-BF4B-00C04F79EFBC}") = "eBios.Api.Auth", "eBios.Api.Auth\eBios.Api.Auth.csproj", "{1CBF35E3-8E94-496B-A513-9114936BA19E}"
EndProject
Global
	GlobalSection(SolutionConfigurationPlatforms) = preSolution
		Debug|Any CPU = Debug|Any CPU
		Release|Any CPU = Release|Any CPU
	EndGlobalSection
	GlobalSection(ProjectConfigurationPlatforms) = postSolution
		{1CBF35E3-8E94-496B-A513-9114936BA19E}.Debug|Any CPU.ActiveCfg = Debug|Any CPU
		{1CBF35E3-8E94-496B-A513-9114936BA19E}.Debug|Any CPU.Build.0 = Debug|Any CPU
		{1CBF35E3-8E94-496B-A513-9114936BA19E}.Release|Any CPU.ActiveCfg = Release|Any CPU
		{1CBF35E3-8E94-496B-A513-9114936BA19E}.Release|Any CPU.Build.0 = Release|Any CPU
	EndGlobalSection
	GlobalSection(SolutionProperties) = preSolution
		HideSolutionNode = FALSE
	EndGlobalSection
	GlobalSection(ExtensibilityGlobals) = postSolution
		SolutionGuid = {8C461E3C-B04E-421D-872D-C8FE17495EB9}
	EndGlobalSection
EndGlobal
